
Microsoft Visual Studio Solution File, Format Version 12.00
# Visual Studio Version 17
VisualStudioVersion = 17.14.36518.9 d17.14
MinimumVisualStudioVersion = 10.0.40219.1
Project("{FAE04EC0-301F-11D3-BF4B-00C04F79EFBC}") = "JwtAuthLearn", "JwtAuthLearn.csproj", "{1673FD6E-9ECB-44B0-9896-51867E5FC131}"
EndProject
Global
	GlobalSection(SolutionConfigurationPlatforms) = preSolution
		Debug|Any CPU = Debug|Any CPU
		Release|Any CPU = Release|Any CPU
	EndGlobalSection
	GlobalSection(ProjectConfigurationPlatforms) = postSolution
		{1673FD6E-9ECB-44B0-9896-51867E5FC131}.Debug|Any CPU.ActiveCfg = Debug|Any CPU
		{1673FD6E-9ECB-44B0-9896-51867E5FC131}.Debug|Any CPU.Build.0 = Debug|Any CPU
		{1673FD6E-9ECB-44B0-9896-51867E5FC131}.Release|Any CPU.ActiveCfg = Release|Any CPU
		{1673FD6E-9ECB-44B0-9896-51867E5FC131}.Release|Any CPU.Build.0 = Release|Any CPU
	EndGlobalSection
	GlobalSection(SolutionProperties) = preSolution
		HideSolutionNode = FALSE
	EndGlobalSection
	GlobalSection(ExtensibilityGlobals) = postSolution
		SolutionGuid = {4132477E-9948-4C26-A477-964AF1E18C69}
	EndGlobalSection
EndGlobal
